// !$*UTF8*$!
{
	archiveVersion = 1;
	classes = {
	};
	objectVersion = 56;
	objects = {

/* Begin PBXBuildFile section */
		D908E86B296CA469009B80C0 /* TranslationView.swift in Sources */ = {isa = PBXBuildFile; fileRef = D908E86A296CA469009B80C0 /* TranslationView.swift */; };
		D9199D0D294909F400D68B15 /* HomePage.swift in Sources */ = {isa = PBXBuildFile; fileRef = D9199D0C294909F400D68B15 /* HomePage.swift */; };
		D947F0892950F5420032CE47 /* LibreTranslate in Frameworks */ = {isa = PBXBuildFile; productRef = D947F0882950F5420032CE47 /* LibreTranslate */; };
		D998FAC72947ABC600E2D01F /* snnsdApp.swift in Sources */ = {isa = PBXBuildFile; fileRef = D998FAC62947ABC600E2D01F /* snnsdApp.swift */; };
		D998FAC92947ABC600E2D01F /* ContentView.swift in Sources */ = {isa = PBXBuildFile; fileRef = D998FAC82947ABC600E2D01F /* ContentView.swift */; };
		D998FACB2947ABC700E2D01F /* Assets.xcassets in Resources */ = {isa = PBXBuildFile; fileRef = D998FACA2947ABC700E2D01F /* Assets.xcassets */; };
		D998FACE2947ABC700E2D01F /* Preview Assets.xcassets in Resources */ = {isa = PBXBuildFile; fileRef = D998FACD2947ABC700E2D01F /* Preview Assets.xcassets */; };
		D998FAD82947ABC700E2D01F /* snnsdTests.swift in Sources */ = {isa = PBXBuildFile; fileRef = D998FAD72947ABC700E2D01F /* snnsdTests.swift */; };
		D998FAE22947ABC700E2D01F /* snnsdUITests.swift in Sources */ = {isa = PBXBuildFile; fileRef = D998FAE12947ABC700E2D01F /* snnsdUITests.swift */; };
		D998FAE42947ABC700E2D01F /* snnsdUITestsLaunchTests.swift in Sources */ = {isa = PBXBuildFile; fileRef = D998FAE32947ABC700E2D01F /* snnsdUITestsLaunchTests.swift */; };
		D998FAF12947AD7200E2D01F /* sssa.swift in Sources */ = {isa = PBXBuildFile; fileRef = D998FAF02947AD7200E2D01F /* sssa.swift */; };
		D998FAF42947B66800E2D01F /* scan.swift in Sources */ = {isa = PBXBuildFile; fileRef = D998FAF32947B66800E2D01F /* scan.swift */; };
		D998FAF62947BA7900E2D01F /* rec.swift in Sources */ = {isa = PBXBuildFile; fileRef = D998FAF52947BA7900E2D01F /* rec.swift */; };
		D9BA304029522DBF00BC2B50 /* Launch Screen.storyboard in Resources */ = {isa = PBXBuildFile; fileRef = D9BA303F29522DBF00BC2B50 /* Launch Screen.storyboard */; };
/* End PBXBuildFile section */

/* Begin PBXContainerItemProxy section */
		D998FAD42947ABC700E2D01F /* PBXContainerItemProxy */ = {
			isa = PBXContainerItemProxy;
			containerPortal = D998FABB2947ABC600E2D01F /* Project object */;
			proxyType = 1;
			remoteGlobalIDString = D998FAC22947ABC600E2D01F;
			remoteInfo = snnsd;
		};
		D998FADE2947ABC700E2D01F /* PBXContainerItemProxy */ = {
			isa = PBXContainerItemProxy;
			containerPortal = D998FABB2947ABC600E2D01F /* Project object */;
			proxyType = 1;
			remoteGlobalIDString = D998FAC22947ABC600E2D01F;
			remoteInfo = snnsd;
		};
/* End PBXContainerItemProxy section */

/* Begin PBXFileReference section */
		D908E86A296CA469009B80C0 /* TranslationView.swift */ = {isa = PBXFileReference; lastKnownFileType = sourcecode.swift; path = TranslationView.swift; sourceTree = "<group>"; };
		D9199D0C294909F400D68B15 /* HomePage.swift */ = {isa = PBXFileReference; lastKnownFileType = sourcecode.swift; path = HomePage.swift; sourceTree = "<group>"; };
		D998FAC32947ABC600E2D01F /* Translation App.app */ = {isa = PBXFileReference; explicitFileType = wrapper.application; includeInIndex = 0; path = "Translation App.app"; sourceTree = BUILT_PRODUCTS_DIR; };
		D998FAC62947ABC600E2D01F /* snnsdApp.swift */ = {isa = PBXFileReference; lastKnownFileType = sourcecode.swift; path = snnsdApp.swift; sourceTree = "<group>"; };
		D998FAC82947ABC600E2D01F /* ContentView.swift */ = {isa = PBXFileReference; lastKnownFileType = sourcecode.swift; path = ContentView.swift; sourceTree = "<group>"; };
		D998FACA2947ABC700E2D01F /* Assets.xcassets */ = {isa = PBXFileReference; lastKnownFileType = folder.assetcatalog; path = Assets.xcassets; sourceTree = "<group>"; };
		D998FACD2947ABC700E2D01F /* Preview Assets.xcassets */ = {isa = PBXFileReference; lastKnownFileType = folder.assetcatalog; path = "Preview Assets.xcassets"; sourceTree = "<group>"; };
		D998FAD32947ABC700E2D01F /* Translation AppTests.xctest */ = {isa = PBXFileReference; explicitFileType = wrapper.cfbundle; includeInIndex = 0; path = "Translation AppTests.xctest"; sourceTree = BUILT_PRODUCTS_DIR; };
		D998FAD72947ABC700E2D01F /* snnsdTests.swift */ = {isa = PBXFileReference; lastKnownFileType = sourcecode.swift; path = snnsdTests.swift; sourceTree = "<group>"; };
		D998FADD2947ABC700E2D01F /* Translation AppUITests.xctest */ = {isa = PBXFileReference; explicitFileType = wrapper.cfbundle; includeInIndex = 0; path = "Translation AppUITests.xctest"; sourceTree = BUILT_PRODUCTS_DIR; };
		D998FAE12947ABC700E2D01F /* snnsdUITests.swift */ = {isa = PBXFileReference; lastKnownFileType = sourcecode.swift; path = snnsdUITests.swift; sourceTree = "<group>"; };
		D998FAE32947ABC700E2D01F /* snnsdUITestsLaunchTests.swift */ = {isa = PBXFileReference; lastKnownFileType = sourcecode.swift; path = snnsdUITestsLaunchTests.swift; sourceTree = "<group>"; };
		D998FAF02947AD7200E2D01F /* sssa.swift */ = {isa = PBXFileReference; lastKnownFileType = sourcecode.swift; path = sssa.swift; sourceTree = "<group>"; };
		D998FAF22947B62600E2D01F /* Info.plist */ = {isa = PBXFileReference; lastKnownFileType = text.plist; path = Info.plist; sourceTree = "<group>"; };
		D998FAF32947B66800E2D01F /* scan.swift */ = {isa = PBXFileReference; lastKnownFileType = sourcecode.swift; path = scan.swift; sourceTree = "<group>"; };
		D998FAF52947BA7900E2D01F /* rec.swift */ = {isa = PBXFileReference; lastKnownFileType = sourcecode.swift; path = rec.swift; sourceTree = "<group>"; };
		D9BA303F29522DBF00BC2B50 /* Launch Screen.storyboard */ = {isa = PBXFileReference; lastKnownFileType = file.storyboard; path = "Launch Screen.storyboard"; sourceTree = "<group>"; };
/* End PBXFileReference section */

/* Begin PBXFrameworksBuildPhase section */
		D998FAC02947ABC600E2D01F /* Frameworks */ = {
			isa = PBXFrameworksBuildPhase;
			buildActionMask = 2147483647;
			files = (
				D947F0892950F5420032CE47 /* LibreTranslate in Frameworks */,
			);
			runOnlyForDeploymentPostprocessing = 0;
		};
		D998FAD02947ABC700E2D01F /* Frameworks */ = {
			isa = PBXFrameworksBuildPhase;
			buildActionMask = 2147483647;
			files = (
			);
			runOnlyForDeploymentPostprocessing = 0;
		};
		D998FADA2947ABC700E2D01F /* Frameworks */ = {
			isa = PBXFrameworksBuildPhase;
			buildActionMask = 2147483647;
			files = (
			);
			runOnlyForDeploymentPostprocessing = 0;
		};
/* End PBXFrameworksBuildPhase section */

/* Begin PBXGroup section */
		D998FABA2947ABC600E2D01F = {
			isa = PBXGroup;
			children = (
				D998FAC52947ABC600E2D01F /* snnsd */,
				D998FAD62947ABC700E2D01F /* snnsdTests */,
				D998FAE02947ABC700E2D01F /* snnsdUITests */,
				D998FAC42947ABC600E2D01F /* Products */,
			);
			sourceTree = "<group>";
		};
		D998FAC42947ABC600E2D01F /* Products */ = {
			isa = PBXGroup;
			children = (
				D998FAC32947ABC600E2D01F /* Translation App.app */,
				D998FAD32947ABC700E2D01F /* Translation AppTests.xctest */,
				D998FADD2947ABC700E2D01F /* Translation AppUITests.xctest */,
			);
			name = Products;
			sourceTree = "<group>";
		};
		D998FAC52947ABC600E2D01F /* snnsd */ = {
			isa = PBXGroup;
			children = (
				D998FAF22947B62600E2D01F /* Info.plist */,
				D998FAC62947ABC600E2D01F /* snnsdApp.swift */,
				D9199D0C294909F400D68B15 /* HomePage.swift */,
				D9BA303F29522DBF00BC2B50 /* Launch Screen.storyboard */,
				D998FAC82947ABC600E2D01F /* ContentView.swift */,
				D908E86A296CA469009B80C0 /* TranslationView.swift */,
				D998FAF32947B66800E2D01F /* scan.swift */,
				D998FAF52947BA7900E2D01F /* rec.swift */,
				D998FAF02947AD7200E2D01F /* sssa.swift */,
				D998FACA2947ABC700E2D01F /* Assets.xcassets */,
				D998FACC2947ABC700E2D01F /* Preview Content */,
			);
			path = snnsd;
			sourceTree = "<group>";
		};
		D998FACC2947ABC700E2D01F /* Preview Content */ = {
			isa = PBXGroup;
			children = (
				D998FACD2947ABC700E2D01F /* Preview Assets.xcassets */,
			);
			path = "Preview Content";
			sourceTree = "<group>";
		};
		D998FAD62947ABC700E2D01F /* snnsdTests */ = {
			isa = PBXGroup;
			children = (
				D998FAD72947ABC700E2D01F /* snnsdTests.swift */,
			);
			path = snnsdTests;
			sourceTree = "<group>";
		};
		D998FAE02947ABC700E2D01F /* snnsdUITests */ = {
			isa = PBXGroup;
			children = (
				D998FAE12947ABC700E2D01F /* snnsdUITests.swift */,
				D998FAE32947ABC700E2D01F /* snnsdUITestsLaunchTests.swift */,
			);
			path = snnsdUITests;
			sourceTree = "<group>";
		};
/* End PBXGroup section */

/* Begin PBXNativeTarget section */
		D998FAC22947ABC600E2D01F /* Translation App */ = {
			isa = PBXNativeTarget;
			buildConfigurationList = D998FAE72947ABC700E2D01F /* Build configuration list for PBXNativeTarget "Translation App" */;
			buildPhases = (
				D998FABF2947ABC600E2D01F /* Sources */,
				D998FAC02947ABC600E2D01F /* Frameworks */,
				D998FAC12947ABC600E2D01F /* Resources */,
			);
			buildRules = (
			);
			dependencies = (
			);
			name = "Translation App";
			packageProductDependencies = (
				D947F0882950F5420032CE47 /* LibreTranslate */,
			);
			productName = snnsd;
			productReference = D998FAC32947ABC600E2D01F /* Translation App.app */;
			productType = "com.apple.product-type.application";
		};
		D998FAD22947ABC700E2D01F /* Translation AppTests */ = {
			isa = PBXNativeTarget;
			buildConfigurationList = D998FAEA2947ABC700E2D01F /* Build configuration list for PBXNativeTarget "Translation AppTests" */;
			buildPhases = (
				D998FACF2947ABC700E2D01F /* Sources */,
				D998FAD02947ABC700E2D01F /* Frameworks */,
				D998FAD12947ABC700E2D01F /* Resources */,
			);
			buildRules = (
			);
			dependencies = (
				D998FAD52947ABC700E2D01F /* PBXTargetDependency */,
			);
			name = "Translation AppTests";
			productName = snnsdTests;
			productReference = D998FAD32947ABC700E2D01F /* Translation AppTests.xctest */;
			productType = "com.apple.product-type.bundle.unit-test";
		};
		D998FADC2947ABC700E2D01F /* Translation AppUITests */ = {
			isa = PBXNativeTarget;
			buildConfigurationList = D998FAED2947ABC700E2D01F /* Build configuration list for PBXNativeTarget "Translation AppUITests" */;
			buildPhases = (
				D998FAD92947ABC700E2D01F /* Sources */,
				D998FADA2947ABC700E2D01F /* Frameworks */,
				D998FADB2947ABC700E2D01F /* Resources */,
			);
			buildRules = (
			);
			dependencies = (
				D998FADF2947ABC700E2D01F /* PBXTargetDependency */,
			);
			name = "Translation AppUITests";
			productName = snnsdUITests;
			productReference = D998FADD2947ABC700E2D01F /* Translation AppUITests.xctest */;
			productType = "com.apple.product-type.bundle.ui-testing";
		};
/* End PBXNativeTarget section */

/* Begin PBXProject section */
		D998FABB2947ABC600E2D01F /* Project object */ = {
			isa = PBXProject;
			attributes = {
				BuildIndependentTargetsInParallel = 1;
				LastSwiftUpdateCheck = 1410;
				LastUpgradeCheck = 1420;
				TargetAttributes = {
					D998FAC22947ABC600E2D01F = {
						CreatedOnToolsVersion = 14.1;
					};
					D998FAD22947ABC700E2D01F = {
						CreatedOnToolsVersion = 14.1;
						TestTargetID = D998FAC22947ABC600E2D01F;
					};
					D998FADC2947ABC700E2D01F = {
						CreatedOnToolsVersion = 14.1;
						TestTargetID = D998FAC22947ABC600E2D01F;
					};
				};
			};
			buildConfigurationList = D998FABE2947ABC600E2D01F /* Build configuration list for PBXProject "Translation App" */;
			compatibilityVersion = "Xcode 14.0";
			developmentRegion = en;
			hasScannedForEncodings = 0;
			knownRegions = (
				en,
				Base,
				bn,
			);
			mainGroup = D998FABA2947ABC600E2D01F;
			packageReferences = (
				D947F0872950F5420032CE47 /* XCRemoteSwiftPackageReference "libretranslate" */,
			);
			productRefGroup = D998FAC42947ABC600E2D01F /* Products */;
			projectDirPath = "";
			projectRoot = "";
			targets = (
				D998FAC22947ABC600E2D01F /* Translation App */,
				D998FAD22947ABC700E2D01F /* Translation AppTests */,
				D998FADC2947ABC700E2D01F /* Translation AppUITests */,
			);
		};
/* End PBXProject section */

/* Begin PBXResourcesBuildPhase section */
		D998FAC12947ABC600E2D01F /* Resources */ = {
			isa = PBXResourcesBuildPhase;
			buildActionMask = 2147483647;
			files = (
				D9BA304029522DBF00BC2B50 /* Launch Screen.storyboard in Resources */,
				D998FACE2947ABC700E2D01F /* Preview Assets.xcassets in Resources */,
				D998FACB2947ABC700E2D01F /* Assets.xcassets in Resources */,
			);
			runOnlyForDeploymentPostprocessing = 0;
		};
		D998FAD12947ABC700E2D01F /* Resources */ = {
			isa = PBXResourcesBuildPhase;
			buildActionMask = 2147483647;
			files = (
			);
			runOnlyForDeploymentPostprocessing = 0;
		};
		D998FADB2947ABC700E2D01F /* Resources */ = {
			isa = PBXResourcesBuildPhase;
			buildActionMask = 2147483647;
			files = (
			);
			runOnlyForDeploymentPostprocessing = 0;
		};
/* End PBXResourcesBuildPhase section */

/* Begin PBXSourcesBuildPhase section */
		D998FABF2947ABC600E2D01F /* Sources */ = {
			isa = PBXSourcesBuildPhase;
			buildActionMask = 2147483647;
			files = (
				D998FAC92947ABC600E2D01F /* ContentView.swift in Sources */,
				D9199D0D294909F400D68B15 /* HomePage.swift in Sources */,
				D998FAC72947ABC600E2D01F /* snnsdApp.swift in Sources */,
				D908E86B296CA469009B80C0 /* TranslationView.swift in Sources */,
				D998FAF62947BA7900E2D01F /* rec.swift in Sources */,
				D998FAF42947B66800E2D01F /* scan.swift in Sources */,
				D998FAF12947AD7200E2D01F /* sssa.swift in Sources */,
			);
			runOnlyForDeploymentPostprocessing = 0;
		};
		D998FACF2947ABC700E2D01F /* Sources */ = {
			isa = PBXSourcesBuildPhase;
			buildActionMask = 2147483647;
			files = (
				D998FAD82947ABC700E2D01F /* snnsdTests.swift in Sources */,
			);
			runOnlyForDeploymentPostprocessing = 0;
		};
		D998FAD92947ABC700E2D01F /* Sources */ = {
			isa = PBXSourcesBuildPhase;
			buildActionMask = 2147483647;
			files = (
				D998FAE22947ABC700E2D01F /* snnsdUITests.swift in Sources */,
				D998FAE42947ABC700E2D01F /* snnsdUITestsLaunchTests.swift in Sources */,
			);
			runOnlyForDeploymentPostprocessing = 0;
		};
/* End PBXSourcesBuildPhase section */

/* Begin PBXTargetDependency section */
		D998FAD52947ABC700E2D01F /* PBXTargetDependency */ = {
			isa = PBXTargetDependency;
			target = D998FAC22947ABC600E2D01F /* Translation App */;
			targetProxy = D998FAD42947ABC700E2D01F /* PBXContainerItemProxy */;
		};
		D998FADF2947ABC700E2D01F /* PBXTargetDependency */ = {
			isa = PBXTargetDependency;
			target = D998FAC22947ABC600E2D01F /* Translation App */;
			targetProxy = D998FADE2947ABC700E2D01F /* PBXContainerItemProxy */;
		};
/* End PBXTargetDependency section */

/* Begin XCBuildConfiguration section */
		D998FAE52947ABC700E2D01F /* Debug */ = {
			isa = XCBuildConfiguration;
			buildSettings = {
				ALWAYS_SEARCH_USER_PATHS = NO;
				CLANG_ANALYZER_LOCALIZABILITY_NONLOCALIZED = YES;
				CLANG_ANALYZER_NONNULL = YES;
				CLANG_ANALYZER_NUMBER_OBJECT_CONVERSION = YES_AGGRESSIVE;
				CLANG_CXX_LANGUAGE_STANDARD = "gnu++20";
				CLANG_ENABLE_MODULES = YES;
				CLANG_ENABLE_OBJC_ARC = YES;
				CLANG_ENABLE_OBJC_WEAK = YES;
				CLANG_WARN_BLOCK_CAPTURE_AUTORELEASING = YES;
				CLANG_WARN_BOOL_CONVERSION = YES;
				CLANG_WARN_COMMA = YES;
				CLANG_WARN_CONSTANT_CONVERSION = YES;
				CLANG_WARN_DEPRECATED_OBJC_IMPLEMENTATIONS = YES;
				CLANG_WARN_DIRECT_OBJC_ISA_USAGE = YES_ERROR;
				CLANG_WARN_DOCUMENTATION_COMMENTS = YES;
				CLANG_WARN_EMPTY_BODY = YES;
				CLANG_WARN_ENUM_CONVERSION = YES;
				CLANG_WARN_INFINITE_RECURSION = YES;
				CLANG_WARN_INT_CONVERSION = YES;
				CLANG_WARN_NON_LITERAL_NULL_CONVERSION = YES;
				CLANG_WARN_OBJC_IMPLICIT_RETAIN_SELF = YES;
				CLANG_WARN_OBJC_LITERAL_CONVERSION = YES;
				CLANG_WARN_OBJC_ROOT_CLASS = YES_ERROR;
				CLANG_WARN_QUOTED_INCLUDE_IN_FRAMEWORK_HEADER = YES;
				CLANG_WARN_RANGE_LOOP_ANALYSIS = YES;
				CLANG_WARN_STRICT_PROTOTYPES = YES;
				CLANG_WARN_SUSPICIOUS_MOVE = YES;
				CLANG_WARN_UNGUARDED_AVAILABILITY = YES_AGGRESSIVE;
				CLANG_WARN_UNREACHABLE_CODE = YES;
				CLANG_WARN__DUPLICATE_METHOD_MATCH = YES;
				COPY_PHASE_STRIP = NO;
				DEBUG_INFORMATION_FORMAT = dwarf;
				ENABLE_STRICT_OBJC_MSGSEND = YES;
				ENABLE_TESTABILITY = YES;
				GCC_C_LANGUAGE_STANDARD = gnu11;
				GCC_DYNAMIC_NO_PIC = NO;
				GCC_NO_COMMON_BLOCKS = YES;
				GCC_OPTIMIZATION_LEVEL = 0;
				GCC_PREPROCESSOR_DEFINITIONS = (
					"DEBUG=1",
					"$(inherited)",
				);
				GCC_WARN_64_TO_32_BIT_CONVERSION = YES;
				GCC_WARN_ABOUT_RETURN_TYPE = YES_ERROR;
				GCC_WARN_UNDECLARED_SELECTOR = YES;
				GCC_WARN_UNINITIALIZED_AUTOS = YES_AGGRESSIVE;
				GCC_WARN_UNUSED_FUNCTION = YES;
				GCC_WARN_UNUSED_VARIABLE = YES;
				IPHONEOS_DEPLOYMENT_TARGET = 16.1;
				MTL_ENABLE_DEBUG_INFO = INCLUDE_SOURCE;
				MTL_FAST_MATH = YES;
				ONLY_ACTIVE_ARCH = YES;
				SDKROOT = iphoneos;
				SWIFT_ACTIVE_COMPILATION_CONDITIONS = DEBUG;
				SWIFT_OPTIMIZATION_LEVEL = "-Onone";
			};
			name = Debug;
		};
		D998FAE62947ABC700E2D01F /* Release */ = {
			isa = XCBuildConfiguration;
			buildSettings = {
				ALWAYS_SEARCH_USER_PATHS = NO;
				CLANG_ANALYZER_LOCALIZABILITY_NONLOCALIZED = YES;
				CLANG_ANALYZER_NONNULL = YES;
				CLANG_ANALYZER_NUMBER_OBJECT_CONVERSION = YES_AGGRESSIVE;
				CLANG_CXX_LANGUAGE_STANDARD = "gnu++20";
				CLANG_ENABLE_MODULES = YES;
				CLANG_ENABLE_OBJC_ARC = YES;
				CLANG_ENABLE_OBJC_WEAK = YES;
				CLANG_WARN_BLOCK_CAPTURE_AUTORELEASING = YES;
				CLANG_WARN_BOOL_CONVERSION = YES;
				CLANG_WARN_COMMA = YES;
				CLANG_WARN_CONSTANT_CONVERSION = YES;
				CLANG_WARN_DEPRECATED_OBJC_IMPLEMENTATIONS = YES;
				CLANG_WARN_DIRECT_OBJC_ISA_USAGE = YES_ERROR;
				CLANG_WARN_DOCUMENTATION_COMMENTS = YES;
				CLANG_WARN_EMPTY_BODY = YES;
				CLANG_WARN_ENUM_CONVERSION = YES;
				CLANG_WARN_INFINITE_RECURSION = YES;
				CLANG_WARN_INT_CONVERSION = YES;
				CLANG_WARN_NON_LITERAL_NULL_CONVERSION = YES;
				CLANG_WARN_OBJC_IMPLICIT_RETAIN_SELF = YES;
				CLANG_WARN_OBJC_LITERAL_CONVERSION = YES;
				CLANG_WARN_OBJC_ROOT_CLASS = YES_ERROR;
				CLANG_WARN_QUOTED_INCLUDE_IN_FRAMEWORK_HEADER = YES;
				CLANG_WARN_RANGE_LOOP_ANALYSIS = YES;
				CLANG_WARN_STRICT_PROTOTYPES = YES;
				CLANG_WARN_SUSPICIOUS_MOVE = YES;
				CLANG_WARN_UNGUARDED_AVAILABILITY = YES_AGGRESSIVE;
				CLANG_WARN_UNREACHABLE_CODE = YES;
				CLANG_WARN__DUPLICATE_METHOD_MATCH = YES;
				COPY_PHASE_STRIP = NO;
				DEBUG_INFORMATION_FORMAT = "dwarf-with-dsym";
				ENABLE_NS_ASSERTIONS = NO;
				ENABLE_STRICT_OBJC_MSGSEND = YES;
				GCC_C_LANGUAGE_STANDARD = gnu11;
				GCC_NO_COMMON_BLOCKS = YES;
				GCC_WARN_64_TO_32_BIT_CONVERSION = YES;
				GCC_WARN_ABOUT_RETURN_TYPE = YES_ERROR;
				GCC_WARN_UNDECLARED_SELECTOR = YES;
				GCC_WARN_UNINITIALIZED_AUTOS = YES_AGGRESSIVE;
				GCC_WARN_UNUSED_FUNCTION = YES;
				GCC_WARN_UNUSED_VARIABLE = YES;
				IPHONEOS_DEPLOYMENT_TARGET = 16.1;
				MTL_ENABLE_DEBUG_INFO = NO;
				MTL_FAST_MATH = YES;
				SDKROOT = iphoneos;
				SWIFT_COMPILATION_MODE = wholemodule;
				SWIFT_OPTIMIZATION_LEVEL = "-O";
				VALIDATE_PRODUCT = YES;
			};
			name = Release;
		};
		D998FAE82947ABC700E2D01F /* Debug */ = {
			isa = XCBuildConfiguration;
			buildSettings = {
				ASSETCATALOG_COMPILER_APPICON_NAME = AppIcon;
				ASSETCATALOG_COMPILER_GLOBAL_ACCENT_COLOR_NAME = AccentColor;
				CODE_SIGN_STYLE = Automatic;
				CURRENT_PROJECT_VERSION = 1;
				DEVELOPMENT_ASSET_PATHS = "\"snnsd/Preview Content\"";
				DEVELOPMENT_TEAM = 4V7T96VN9D;
				ENABLE_PREVIEWS = YES;
				GENERATE_INFOPLIST_FILE = YES;
				INFOPLIST_FILE = snnsd/Info.plist;
				INFOPLIST_KEY_LSApplicationCategoryType = "";
				INFOPLIST_KEY_NSCameraUsageDescription = Premission;
				INFOPLIST_KEY_UIApplicationSceneManifest_Generation = YES;
				INFOPLIST_KEY_UIApplicationSupportsIndirectInputEvents = YES;
				INFOPLIST_KEY_UILaunchScreen_Generation = YES;
				INFOPLIST_KEY_UISupportedInterfaceOrientations_iPad = "UIInterfaceOrientationPortrait UIInterfaceOrientationPortraitUpsideDown UIInterfaceOrientationLandscapeLeft UIInterfaceOrientationLandscapeRight";
				INFOPLIST_KEY_UISupportedInterfaceOrientations_iPhone = "UIInterfaceOrientationPortrait UIInterfaceOrientationLandscapeLeft UIInterfaceOrientationLandscapeRight";
				LD_RUNPATH_SEARCH_PATHS = (
					"$(inherited)",
					"@executable_path/Frameworks",
				);
				MARKETING_VERSION = 1.0;
				PRODUCT_BUNDLE_IDENTIFIER = n.snnsd;
				PRODUCT_NAME = "$(TARGET_NAME)";
				SWIFT_EMIT_LOC_STRINGS = YES;
				SWIFT_VERSION = 5.0;
				TARGETED_DEVICE_FAMILY = "1,2";
			};
			name = Debug;
		};
		D998FAE92947ABC700E2D01F /* Release */ = {
			isa = XCBuildConfiguration;
			buildSettings = {
				ASSETCATALOG_COMPILER_APPICON_NAME = AppIcon;
				ASSETCATALOG_COMPILER_GLOBAL_ACCENT_COLOR_NAME = AccentColor;
				CODE_SIGN_STYLE = Automatic;
				CURRENT_PROJECT_VERSION = 1;
				DEVELOPMENT_ASSET_PATHS = "\"snnsd/Preview Content\"";
				DEVELOPMENT_TEAM = 4V7T96VN9D;
				ENABLE_PREVIEWS = YES;
				GENERATE_INFOPLIST_FILE = YES;
				INFOPLIST_FILE = snnsd/Info.plist;
				INFOPLIST_KEY_LSApplicationCategoryType = "";
				INFOPLIST_KEY_NSCameraUsageDescription = Premission;
				INFOPLIST_KEY_UIApplicationSceneManifest_Generation = YES;
				INFOPLIST_KEY_UIApplicationSupportsIndirectInputEvents = YES;
				INFOPLIST_KEY_UILaunchScreen_Generation = YES;
				INFOPLIST_KEY_UISupportedInterfaceOrientations_iPad = "UIInterfaceOrientationPortrait UIInterfaceOrientationPortraitUpsideDown UIInterfaceOrientationLandscapeLeft UIInterfaceOrientationLandscapeRight";
				INFOPLIST_KEY_UISupportedInterfaceOrientations_iPhone = "UIInterfaceOrientationPortrait UIInterfaceOrientationLandscapeLeft UIInterfaceOrientationLandscapeRight";
				LD_RUNPATH_SEARCH_PATHS = (
					"$(inherited)",
					"@executable_path/Frameworks",
				);
				MARKETING_VERSION = 1.0;
				MTL_ENABLE_DEBUG_INFO = NO;
				PRODUCT_BUNDLE_IDENTIFIER = n.snnsd;
				PRODUCT_NAME = "$(TARGET_NAME)";
				SWIFT_EMIT_LOC_STRINGS = YES;
				SWIFT_VERSION = 5.0;
				TARGETED_DEVICE_FAMILY = "1,2";
			};
			name = Release;
		};
		D998FAEB2947ABC700E2D01F /* Debug */ = {
			isa = XCBuildConfiguration;
			buildSettings = {
				ALWAYS_EMBED_SWIFT_STANDARD_LIBRARIES = YES;
				BUNDLE_LOADER = "$(TEST_HOST)";
				CODE_SIGN_STYLE = Automatic;
				CURRENT_PROJECT_VERSION = 1;
				GENERATE_INFOPLIST_FILE = YES;
				IPHONEOS_DEPLOYMENT_TARGET = 16.1;
				MARKETING_VERSION = 1.0;
				PRODUCT_BUNDLE_IDENTIFIER = n.snnsdTests;
				PRODUCT_NAME = "$(TARGET_NAME)";
				SWIFT_EMIT_LOC_STRINGS = NO;
				SWIFT_VERSION = 5.0;
				TARGETED_DEVICE_FAMILY = "1,2";
				TEST_HOST = "$(BUILT_PRODUCTS_DIR)/Translation App.app/$(BUNDLE_EXECUTABLE_FOLDER_PATH)/Translation App";
			};
			name = Debug;
		};
		D998FAEC2947ABC700E2D01F /* Release */ = {
			isa = XCBuildConfiguration;
			buildSettings = {
				ALWAYS_EMBED_SWIFT_STANDARD_LIBRARIES = YES;
				BUNDLE_LOADER = "$(TEST_HOST)";
				CODE_SIGN_STYLE = Automatic;
				CURRENT_PROJECT_VERSION = 1;
				GENERATE_INFOPLIST_FILE = YES;
				IPHONEOS_DEPLOYMENT_TARGET = 16.1;
				MARKETING_VERSION = 1.0;
				PRODUCT_BUNDLE_IDENTIFIER = n.snnsdTests;
				PRODUCT_NAME = "$(TARGET_NAME)";
				SWIFT_EMIT_LOC_STRINGS = NO;
				SWIFT_VERSION = 5.0;
				TARGETED_DEVICE_FAMILY = "1,2";
				TEST_HOST = "$(BUILT_PRODUCTS_DIR)/Translation App.app/$(BUNDLE_EXECUTABLE_FOLDER_PATH)/Translation App";
			};
			name = Release;
		};
		D998FAEE2947ABC700E2D01F /* Debug */ = {
			isa = XCBuildConfiguration;
			buildSettings = {
				ALWAYS_EMBED_SWIFT_STANDARD_LIBRARIES = YES;
				CODE_SIGN_STYLE = Automatic;
				CURRENT_PROJECT_VERSION = 1;
				GENERATE_INFOPLIST_FILE = YES;
				MARKETING_VERSION = 1.0;
				PRODUCT_BUNDLE_IDENTIFIER = n.snnsdUITests;
				PRODUCT_NAME = "$(TARGET_NAME)";
				SWIFT_EMIT_LOC_STRINGS = NO;
				SWIFT_VERSION = 5.0;
				TARGETED_DEVICE_FAMILY = "1,2";
				TEST_TARGET_NAME = snnsd;
			};
			name = Debug;
		};
		D998FAEF2947ABC700E2D01F /* Release */ = {
			isa = XCBuildConfiguration;
			buildSettings = {
				ALWAYS_EMBED_SWIFT_STANDARD_LIBRARIES = YES;
				CODE_SIGN_STYLE = Automatic;
				CURRENT_PROJECT_VERSION = 1;
				GENERATE_INFOPLIST_FILE = YES;
				MARKETING_VERSION = 1.0;
				PRODUCT_BUNDLE_IDENTIFIER = n.snnsdUITests;
				PRODUCT_NAME = "$(TARGET_NAME)";
				SWIFT_EMIT_LOC_STRINGS = NO;
				SWIFT_VERSION = 5.0;
				TARGETED_DEVICE_FAMILY = "1,2";
				TEST_TARGET_NAME = snnsd;
			};
			name = Release;
		};
/* End XCBuildConfiguration section */

/* Begin XCConfigurationList section */
		D998FABE2947ABC600E2D01F /* Build configuration list for PBXProject "Translation App" */ = {
			isa = XCConfigurationList;
			buildConfigurations = (
				D998FAE52947ABC700E2D01F /* Debug */,
				D998FAE62947ABC700E2D01F /* Release */,
			);
			defaultConfigurationIsVisible = 0;
			defaultConfigurationName = Release;
		};
		D998FAE72947ABC700E2D01F /* Build configuration list for PBXNativeTarget "Translation App" */ = {
			isa = XCConfigurationList;
			buildConfigurations = (
				D998FAE82947ABC700E2D01F /* Debug */,
				D998FAE92947ABC700E2D01F /* Release */,
			);
			defaultConfigurationIsVisible = 0;
			defaultConfigurationName = Release;
		};
		D998FAEA2947ABC700E2D01F /* Build configuration list for PBXNativeTarget "Translation AppTests" */ = {
			isa = XCConfigurationList;
			buildConfigurations = (
				D998FAEB2947ABC700E2D01F /* Debug */,
				D998FAEC2947ABC700E2D01F /* Release */,
			);
			defaultConfigurationIsVisible = 0;
			defaultConfigurationName = Release;
		};
		D998FAED2947ABC700E2D01F /* Build configuration list for PBXNativeTarget "Translation AppUITests" */ = {
			isa = XCConfigurationList;
			buildConfigurations = (
				D998FAEE2947ABC700E2D01F /* Debug */,
				D998FAEF2947ABC700E2D01F /* Release */,
			);
			defaultConfigurationIsVisible = 0;
			defaultConfigurationName = Release;
		};
/* End XCConfigurationList section */

/* Begin XCRemoteSwiftPackageReference section */
		D947F0872950F5420032CE47 /* XCRemoteSwiftPackageReference "libretranslate" */ = {
			isa = XCRemoteSwiftPackageReference;
			repositoryURL = "https://github.com/wacumov/libretranslate.git";
			requirement = {
				kind = upToNextMajorVersion;
				minimumVersion = 0.1.0;
			};
		};
/* End XCRemoteSwiftPackageReference section */

/* Begin XCSwiftPackageProductDependency section */
		D947F0882950F5420032CE47 /* LibreTranslate */ = {
			isa = XCSwiftPackageProductDependency;
			package = D947F0872950F5420032CE47 /* XCRemoteSwiftPackageReference "libretranslate" */;
			productName = LibreTranslate;
		};
/* End XCSwiftPackageProductDependency section */
	};
	rootObject = D998FABB2947ABC600E2D01F /* Project object */;
}
